github.com/yupsh/cat v0.0.0-20250901212010-967819a7e7ce h1:KwKOgb77UnxHKw7NV4qB31sBv8r3WsyNAQL25DMOlRs=
github.com/yupsh/cat v0.0.0-20250901212010-967819a7e7ce/go.mod h1:zu+HCoj9t3yZru3VZocHWlxmR57vCxhzVYaUzoqHjic=
github.com/yupsh/framework v0.0.0-20250901202619-a6797080e919 h1:A96LrCBfbjqWeTHnSPqwmeJzLC3bgn5SbrSjU3OqXs0=
github.com/yupsh/framework v0.0.0-20250901202619-a6797080e919/go.mod h1:pXSwOkJTQnjBjcc8ExoHl8Y9wIv27FNP6YPfnYI2XT0=
